
Microsoft Visual Studio Solution File, Format Version 12.00
# Visual Studio Version 16
VisualStudioVersion = 16.0.30002.166
MinimumVisualStudioVersion = 10.0.40219.1
Project("{9A19103F-16F7-4668-BE54-9A1E7A4F7556}") = "mxProject.Tools.ClassDoc", "mxProject.Tools.ClassDoc\mxProject.Tools.ClassDoc.csproj", "{F2BADE90-331F-494E-A403-4A34A2C2ABFE}"
EndProject
Project("{FAE04EC0-301F-11D3-BF4B-00C04F79EFBC}") = "mxProject.Tools.ClassDoc.Razor", "mxProject.Tools.ClassDoc.Razor\mxProject.Tools.ClassDoc.Razor.csproj", "{65FB4A69-B1BB-4C66-A02D-5FB2BD832F70}"
EndProject
Project("{9A19103F-16F7-4668-BE54-9A1E7A4F7556}") = "SampleLibrary1", "SampleLibrary1\SampleLibrary1.csproj", "{3B658639-0BCB-4355-9291-49E2E664A6F0}"
EndProject
Project("{9A19103F-16F7-4668-BE54-9A1E7A4F7556}") = "SampleLibrary2", "SampleLibrary2\SampleLibrary2.csproj", "{9493FA24-2070-46DB-B0B9-AC426A500195}"
EndProject
Project("{FAE04EC0-301F-11D3-BF4B-00C04F79EFBC}") = "SampleConsoleApp", "SampleConsoleApp\SampleConsoleApp.csproj", "{C80DCC75-4FC9-4E0A-A52B-8D0523FA5A76}"
EndProject
Global
	GlobalSection(SolutionConfigurationPlatforms) = preSolution
		Debug|Any CPU = Debug|Any CPU
		Release|Any CPU = Release|Any CPU
	EndGlobalSection
	GlobalSection(ProjectConfigurationPlatforms) = postSolution
		{F2BADE90-331F-494E-A403-4A34A2C2ABFE}.Debug|Any CPU.ActiveCfg = Debug|Any CPU
		{F2BADE90-331F-494E-A403-4A34A2C2ABFE}.Debug|Any CPU.Build.0 = Debug|Any CPU
		{F2BADE90-331F-494E-A403-4A34A2C2ABFE}.Release|Any CPU.ActiveCfg = Release|Any CPU
		{F2BADE90-331F-494E-A403-4A34A2C2ABFE}.Release|Any CPU.Build.0 = Release|Any CPU
		{65FB4A69-B1BB-4C66-A02D-5FB2BD832F70}.Debug|Any CPU.ActiveCfg = Debug|Any CPU
		{65FB4A69-B1BB-4C66-A02D-5FB2BD832F70}.Debug|Any CPU.Build.0 = Debug|Any CPU
		{65FB4A69-B1BB-4C66-A02D-5FB2BD832F70}.Release|Any CPU.ActiveCfg = Release|Any CPU
		{65FB4A69-B1BB-4C66-A02D-5FB2BD832F70}.Release|Any CPU.Build.0 = Release|Any CPU
		{3B658639-0BCB-4355-9291-49E2E664A6F0}.Debug|Any CPU.ActiveCfg = Debug|Any CPU
		{3B658639-0BCB-4355-9291-49E2E664A6F0}.Debug|Any CPU.Build.0 = Debug|Any CPU
		{3B658639-0BCB-4355-9291-49E2E664A6F0}.Release|Any CPU.ActiveCfg = Release|Any CPU
		{3B658639-0BCB-4355-9291-49E2E664A6F0}.Release|Any CPU.Build.0 = Release|Any CPU
		{9493FA24-2070-46DB-B0B9-AC426A500195}.Debug|Any CPU.ActiveCfg = Debug|Any CPU
		{9493FA24-2070-46DB-B0B9-AC426A500195}.Debug|Any CPU.Build.0 = Debug|Any CPU
		{9493FA24-2070-46DB-B0B9-AC426A500195}.Release|Any CPU.ActiveCfg = Release|Any CPU
		{9493FA24-2070-46DB-B0B9-AC426A500195}.Release|Any CPU.Build.0 = Release|Any CPU
		{C80DCC75-4FC9-4E0A-A52B-8D0523FA5A76}.Debug|Any CPU.ActiveCfg = Debug|Any CPU
		{C80DCC75-4FC9-4E0A-A52B-8D0523FA5A76}.Debug|Any CPU.Build.0 = Debug|Any CPU
		{C80DCC75-4FC9-4E0A-A52B-8D0523FA5A76}.Release|Any CPU.ActiveCfg = Release|Any CPU
		{C80DCC75-4FC9-4E0A-A52B-8D0523FA5A76}.Release|Any CPU.Build.0 = Release|Any CPU
	EndGlobalSection
	GlobalSection(SolutionProperties) = preSolution
		HideSolutionNode = FALSE
	EndGlobalSection
	GlobalSection(ExtensibilityGlobals) = postSolution
		SolutionGuid = {EDD833B3-675A-4164-84A5-3F6429FFD395}
	EndGlobalSection
EndGlobal
